
Microsoft Visual Studio Solution File, Format Version 12.00
# Visual Studio Version 16
VisualStudioVersion = 16.0.31702.278
MinimumVisualStudioVersion = 10.0.40219.1
Project("{9A19103F-16F7-4668-BE54-9A1E7A4F7556}") = "ProjectPaint", "ProjectPaint\ProjectPaint.csproj", "{905AB6DD-AF03-483C-8226-C362C9EA29EB}"
EndProject
Project("{9A19103F-16F7-4668-BE54-9A1E7A4F7556}") = "GraphicsLibrary", "GraphicsLibrary\GraphicsLibrary.csproj", "{71731E11-B9DC-4DCD-BE30-9D574E9034A9}"
EndProject
Project("{9A19103F-16F7-4668-BE54-9A1E7A4F7556}") = "Line2D", "Line2D\Line2D.csproj", "{C87459FD-6796-43B0-A3F7-57086F44C827}"
EndProject
Project("{9A19103F-16F7-4668-BE54-9A1E7A4F7556}") = "Rectangle2D", "Rectangle2D\Rectangle2D.csproj", "{4BCBF2F6-FCD9-490A-A7CC-C67C6C9D8D89}"
EndProject
Project("{9A19103F-16F7-4668-BE54-9A1E7A4F7556}") = "Ellipse2D", "Ellipse2D\Ellipse2D.csproj", "{1BFF9DF8-B8F7-4DEA-86BA-8C3F6878BEB8}"
EndProject
Global
	GlobalSection(SolutionConfigurationPlatforms) = preSolution
		Debug|Any CPU = Debug|Any CPU
		Release|Any CPU = Release|Any CPU
	EndGlobalSection
	GlobalSection(ProjectConfigurationPlatforms) = postSolution
		{905AB6DD-AF03-483C-8226-C362C9EA29EB}.Debug|Any CPU.ActiveCfg = Debug|Any CPU
		{905AB6DD-AF03-483C-8226-C362C9EA29EB}.Debug|Any CPU.Build.0 = Debug|Any CPU
		{905AB6DD-AF03-483C-8226-C362C9EA29EB}.Release|Any CPU.ActiveCfg = Release|Any CPU
		{905AB6DD-AF03-483C-8226-C362C9EA29EB}.Release|Any CPU.Build.0 = Release|Any CPU
		{71731E11-B9DC-4DCD-BE30-9D574E9034A9}.Debug|Any CPU.ActiveCfg = Debug|Any CPU
		{71731E11-B9DC-4DCD-BE30-9D574E9034A9}.Debug|Any CPU.Build.0 = Debug|Any CPU
		{71731E11-B9DC-4DCD-BE30-9D574E9034A9}.Release|Any CPU.ActiveCfg = Release|Any CPU
		{71731E11-B9DC-4DCD-BE30-9D574E9034A9}.Release|Any CPU.Build.0 = Release|Any CPU
		{C87459FD-6796-43B0-A3F7-57086F44C827}.Debug|Any CPU.ActiveCfg = Debug|Any CPU
		{C87459FD-6796-43B0-A3F7-57086F44C827}.Debug|Any CPU.Build.0 = Debug|Any CPU
		{C87459FD-6796-43B0-A3F7-57086F44C827}.Release|Any CPU.ActiveCfg = Release|Any CPU
		{C87459FD-6796-43B0-A3F7-57086F44C827}.Release|Any CPU.Build.0 = Release|Any CPU
		{4BCBF2F6-FCD9-490A-A7CC-C67C6C9D8D89}.Debug|Any CPU.ActiveCfg = Debug|Any CPU
		{4BCBF2F6-FCD9-490A-A7CC-C67C6C9D8D89}.Debug|Any CPU.Build.0 = Debug|Any CPU
		{4BCBF2F6-FCD9-490A-A7CC-C67C6C9D8D89}.Release|Any CPU.ActiveCfg = Release|Any CPU
		{4BCBF2F6-FCD9-490A-A7CC-C67C6C9D8D89}.Release|Any CPU.Build.0 = Release|Any CPU
		{1BFF9DF8-B8F7-4DEA-86BA-8C3F6878BEB8}.Debug|Any CPU.ActiveCfg = Debug|Any CPU
		{1BFF9DF8-B8F7-4DEA-86BA-8C3F6878BEB8}.Debug|Any CPU.Build.0 = Debug|Any CPU
		{1BFF9DF8-B8F7-4DEA-86BA-8C3F6878BEB8}.Release|Any CPU.ActiveCfg = Release|Any CPU
		{1BFF9DF8-B8F7-4DEA-86BA-8C3F6878BEB8}.Release|Any CPU.Build.0 = Release|Any CPU
	EndGlobalSection
	GlobalSection(SolutionProperties) = preSolution
		HideSolutionNode = FALSE
	EndGlobalSection
	GlobalSection(ExtensibilityGlobals) = postSolution
		SolutionGuid = {E1BEBF4F-7242-459E-BD6D-9D89E281207F}
	EndGlobalSection
EndGlobal
